
Microsoft Visual Studio Solution File, Format Version 12.00
# Visual Studio Version 16
VisualStudioVersion = 16.0.30503.244
MinimumVisualStudioVersion = 10.0.40219.1
Project("{FAE04EC0-301F-11D3-BF4B-00C04F79EFBC}") = "5_EnumerableEnumerator", "5_EnumerableEnumerator\5_EnumerableEnumerator.csproj", "{1361250A-5F58-414E-9AAC-85089E31DF23}"
EndProject
Global
	GlobalSection(SolutionConfigurationPlatforms) = preSolution
		Debug|Any CPU = Debug|Any CPU
		Release|Any CPU = Release|Any CPU
	EndGlobalSection
	GlobalSection(ProjectConfigurationPlatforms) = postSolution
		{1361250A-5F58-414E-9AAC-85089E31DF23}.Debug|Any CPU.ActiveCfg = Debug|Any CPU
		{1361250A-5F58-414E-9AAC-85089E31DF23}.Debug|Any CPU.Build.0 = Debug|Any CPU
		{1361250A-5F58-414E-9AAC-85089E31DF23}.Release|Any CPU.ActiveCfg = Release|Any CPU
		{1361250A-5F58-414E-9AAC-85089E31DF23}.Release|Any CPU.Build.0 = Release|Any CPU
	EndGlobalSection
	GlobalSection(SolutionProperties) = preSolution
		HideSolutionNode = FALSE
	EndGlobalSection
	GlobalSection(ExtensibilityGlobals) = postSolution
		SolutionGuid = {20DEAD22-31C9-4301-A1C9-DC0F2CA9A5DC}
	EndGlobalSection
EndGlobal
