
Microsoft Visual Studio Solution File, Format Version 12.00
# Visual Studio Version 16
VisualStudioVersion = 16.0.30503.244
MinimumVisualStudioVersion = 10.0.40219.1
Project("{FAE04EC0-301F-11D3-BF4B-00C04F79EFBC}") = "13_ReflectionApp", "13_ReflectionApp\13_ReflectionApp.csproj", "{C5DFEB0E-41A8-4624-AABB-4EB34F607B0B}"
EndProject
Global
	GlobalSection(SolutionConfigurationPlatforms) = preSolution
		Debug|Any CPU = Debug|Any CPU
		Release|Any CPU = Release|Any CPU
	EndGlobalSection
	GlobalSection(ProjectConfigurationPlatforms) = postSolution
		{C5DFEB0E-41A8-4624-AABB-4EB34F607B0B}.Debug|Any CPU.ActiveCfg = Debug|Any CPU
		{C5DFEB0E-41A8-4624-AABB-4EB34F607B0B}.Debug|Any CPU.Build.0 = Debug|Any CPU
		{C5DFEB0E-41A8-4624-AABB-4EB34F607B0B}.Release|Any CPU.ActiveCfg = Release|Any CPU
		{C5DFEB0E-41A8-4624-AABB-4EB34F607B0B}.Release|Any CPU.Build.0 = Release|Any CPU
	EndGlobalSection
	GlobalSection(SolutionProperties) = preSolution
		HideSolutionNode = FALSE
	EndGlobalSection
	GlobalSection(ExtensibilityGlobals) = postSolution
		SolutionGuid = {F8299323-5711-4534-BFB5-FC9DA629194E}
	EndGlobalSection
EndGlobal
