
Microsoft Visual Studio Solution File, Format Version 12.00
# Visual Studio Version 16
VisualStudioVersion = 16.0.30503.244
MinimumVisualStudioVersion = 10.0.40219.1
Project("{FAE04EC0-301F-11D3-BF4B-00C04F79EFBC}") = "14_Regex", "14_Regex\14_Regex.csproj", "{D7537683-C1EB-464A-B0A9-3BAE462570CA}"
EndProject
Global
	GlobalSection(SolutionConfigurationPlatforms) = preSolution
		Debug|Any CPU = Debug|Any CPU
		Release|Any CPU = Release|Any CPU
	EndGlobalSection
	GlobalSection(ProjectConfigurationPlatforms) = postSolution
		{D7537683-C1EB-464A-B0A9-3BAE462570CA}.Debug|Any CPU.ActiveCfg = Debug|Any CPU
		{D7537683-C1EB-464A-B0A9-3BAE462570CA}.Debug|Any CPU.Build.0 = Debug|Any CPU
		{D7537683-C1EB-464A-B0A9-3BAE462570CA}.Release|Any CPU.ActiveCfg = Release|Any CPU
		{D7537683-C1EB-464A-B0A9-3BAE462570CA}.Release|Any CPU.Build.0 = Release|Any CPU
	EndGlobalSection
	GlobalSection(SolutionProperties) = preSolution
		HideSolutionNode = FALSE
	EndGlobalSection
	GlobalSection(ExtensibilityGlobals) = postSolution
		SolutionGuid = {85E6F6B1-94CA-404F-8FCF-9C1B57EFC2BB}
	EndGlobalSection
EndGlobal
