
Microsoft Visual Studio Solution File, Format Version 12.00
# Visual Studio Version 16
VisualStudioVersion = 16.0.30503.244
MinimumVisualStudioVersion = 10.0.40219.1
Project("{FAE04EC0-301F-11D3-BF4B-00C04F79EFBC}") = "7_Comparable", "7_Comparable\7_Comparable.csproj", "{685ABC90-02C6-49CE-8E34-428DE8394B23}"
EndProject
Global
	GlobalSection(SolutionConfigurationPlatforms) = preSolution
		Debug|Any CPU = Debug|Any CPU
		Release|Any CPU = Release|Any CPU
	EndGlobalSection
	GlobalSection(ProjectConfigurationPlatforms) = postSolution
		{685ABC90-02C6-49CE-8E34-428DE8394B23}.Debug|Any CPU.ActiveCfg = Debug|Any CPU
		{685ABC90-02C6-49CE-8E34-428DE8394B23}.Debug|Any CPU.Build.0 = Debug|Any CPU
		{685ABC90-02C6-49CE-8E34-428DE8394B23}.Release|Any CPU.ActiveCfg = Release|Any CPU
		{685ABC90-02C6-49CE-8E34-428DE8394B23}.Release|Any CPU.Build.0 = Release|Any CPU
	EndGlobalSection
	GlobalSection(SolutionProperties) = preSolution
		HideSolutionNode = FALSE
	EndGlobalSection
	GlobalSection(ExtensibilityGlobals) = postSolution
		SolutionGuid = {BA9A8912-6D22-4C46-9799-A44819D57CE8}
	EndGlobalSection
EndGlobal
